// !$*UTF8*$!
{
	archiveVersion = 1;
	classes = {
	};
	objectVersion = 48;
	objects = {

/* Begin PBXBuildFile section */
		1855E7FE205FFED400F7AB12 /* AppDelegate.m in Sources */ = {isa = PBXBuildFile; fileRef = 1855E7FD205FFED400F7AB12 /* AppDelegate.m */; };
		1855E801205FFED400F7AB12 /* ViewController.m in Sources */ = {isa = PBXBuildFile; fileRef = 1855E800205FFED400F7AB12 /* ViewController.m */; };
		1855E804205FFED400F7AB12 /* Main.storyboard in Resources */ = {isa = PBXBuildFile; fileRef = 1855E802205FFED400F7AB12 /* Main.storyboard */; };
		1855E807205FFED400F7AB12 /* GitUseExample.xcdatamodeld in Sources */ = {isa = PBXBuildFile; fileRef = 1855E805205FFED400F7AB12 /* GitUseExample.xcdatamodeld */; };
		1855E809205FFED400F7AB12 /* Assets.xcassets in Resources */ = {isa = PBXBuildFile; fileRef = 1855E808205FFED400F7AB12 /* Assets.xcassets */; };
		1855E80C205FFED400F7AB12 /* LaunchScreen.storyboard in Resources */ = {isa = PBXBuildFile; fileRef = 1855E80A205FFED400F7AB12 /* LaunchScreen.storyboard */; };
		1855E80F205FFED400F7AB12 /* main.m in Sources */ = {isa = PBXBuildFile; fileRef = 1855E80E205FFED400F7AB12 /* main.m */; };
		1855E8172060010C00F7AB12 /* VieeewController.m in Sources */ = {isa = PBXBuildFile; fileRef = 1855E8162060010C00F7AB12 /* VieeewController.m */; };
/* End PBXBuildFile section */

/* Begin PBXFileReference section */
		1855E7F9205FFED400F7AB12 /* GitUseExample.app */ = {isa = PBXFileReference; explicitFileType = wrapper.application; includeInIndex = 0; path = GitUseExample.app; sourceTree = BUILT_PRODUCTS_DIR; };
		1855E7FC205FFED400F7AB12 /* AppDelegate.h */ = {isa = PBXFileReference; lastKnownFileType = sourcecode.c.h; path = AppDelegate.h; sourceTree = "<group>"; };
		1855E7FD205FFED400F7AB12 /* AppDelegate.m */ = {isa = PBXFileReference; lastKnownFileType = sourcecode.c.objc; path = AppDelegate.m; sourceTree = "<group>"; };
		1855E7FF205FFED400F7AB12 /* ViewController.h */ = {isa = PBXFileReference; lastKnownFileType = sourcecode.c.h; path = ViewController.h; sourceTree = "<group>"; };
		1855E800205FFED400F7AB12 /* ViewController.m */ = {isa = PBXFileReference; lastKnownFileType = sourcecode.c.objc; path = ViewController.m; sourceTree = "<group>"; };
		1855E803205FFED400F7AB12 /* Base */ = {isa = PBXFileReference; lastKnownFileType = file.storyboard; name = Base; path = Base.lproj/Main.storyboard; sourceTree = "<group>"; };
		1855E806205FFED400F7AB12 /* GitUseExample.xcdatamodel */ = {isa = PBXFileReference; lastKnownFileType = wrapper.xcdatamodel; path = GitUseExample.xcdatamodel; sourceTree = "<group>"; };
		1855E808205FFED400F7AB12 /* Assets.xcassets */ = {isa = PBXFileReference; lastKnownFileType = folder.assetcatalog; path = Assets.xcassets; sourceTree = "<group>"; };
		1855E80B205FFED400F7AB12 /* Base */ = {isa = PBXFileReference; lastKnownFileType = file.storyboard; name = Base; path = Base.lproj/LaunchScreen.storyboard; sourceTree = "<group>"; };
		1855E80D205FFED400F7AB12 /* Info.plist */ = {isa = PBXFileReference; lastKnownFileType = text.plist.xml; path = Info.plist; sourceTree = "<group>"; };
		1855E80E205FFED400F7AB12 /* main.m */ = {isa = PBXFileReference; lastKnownFileType = sourcecode.c.objc; path = main.m; sourceTree = "<group>"; };
		1855E8152060010C00F7AB12 /* VieeewController.h */ = {isa = PBXFileReference; lastKnownFileType = sourcecode.c.h; path = VieeewController.h; sourceTree = "<group>"; };
		1855E8162060010C00F7AB12 /* VieeewController.m */ = {isa = PBXFileReference; lastKnownFileType = sourcecode.c.objc; path = VieeewController.m; sourceTree = "<group>"; };
/* End PBXFileReference section */

/* Begin PBXFrameworksBuildPhase section */
		1855E7F6205FFED400F7AB12 /* Frameworks */ = {
			isa = PBXFrameworksBuildPhase;
			buildActionMask = 2147483647;
			files = (
			);
			runOnlyForDeploymentPostprocessing = 0;
		};
/* End PBXFrameworksBuildPhase section */

/* Begin PBXGroup section */
		1855E7F0205FFED400F7AB12 = {
			isa = PBXGroup;
			children = (
				1855E7FB205FFED400F7AB12 /* GitUseExample */,
				1855E7FA205FFED400F7AB12 /* Products */,
			);
			sourceTree = "<group>";
		};
		1855E7FA205FFED400F7AB12 /* Products */ = {
			isa = PBXGroup;
			children = (
				1855E7F9205FFED400F7AB12 /* GitUseExample.app */,
			);
			name = Products;
			sourceTree = "<group>";
		};
		1855E7FB205FFED400F7AB12 /* GitUseExample */ = {
			isa = PBXGroup;
			children = (
				1855E7FC205FFED400F7AB12 /* AppDelegate.h */,
				1855E7FD205FFED400F7AB12 /* AppDelegate.m */,
				1855E8152060010C00F7AB12 /* VieeewController.h */,
				1855E8162060010C00F7AB12 /* VieeewController.m */,
				1855E7FF205FFED400F7AB12 /* ViewController.h */,
				1855E800205FFED400F7AB12 /* ViewController.m */,
				1855E802205FFED400F7AB12 /* Main.storyboard */,
				1855E808205FFED400F7AB12 /* Assets.xcassets */,
				1855E80A205FFED400F7AB12 /* LaunchScreen.storyboard */,
				1855E80D205FFED400F7AB12 /* Info.plist */,
				1855E80E205FFED400F7AB12 /* main.m */,
				1855E805205FFED400F7AB12 /* GitUseExample.xcdatamodeld */,
			);
			path = GitUseExample;
			sourceTree = "<group>";
		};
/* End PBXGroup section */

/* Begin PBXNativeTarget section */
		1855E7F8205FFED400F7AB12 /* GitUseExample */ = {
			isa = PBXNativeTarget;
			buildConfigurationList = 1855E812205FFED400F7AB12 /* Build configuration list for PBXNativeTarget "GitUseExample" */;
			buildPhases = (
				1855E7F5205FFED400F7AB12 /* Sources */,
				1855E7F6205FFED400F7AB12 /* Frameworks */,
				1855E7F7205FFED400F7AB12 /* Resources */,
			);
			buildRules = (
			);
			dependencies = (
			);
			name = GitUseExample;
			productName = GitUseExample;
			productReference = 1855E7F9205FFED400F7AB12 /* GitUseExample.app */;
			productType = "com.apple.product-type.application";
		};
/* End PBXNativeTarget section */

/* Begin PBXProject section */
		1855E7F1205FFED400F7AB12 /* Project object */ = {
			isa = PBXProject;
			attributes = {
				LastUpgradeCheck = 0920;
				ORGANIZATIONNAME = houhaitao;
				TargetAttributes = {
					1855E7F8205FFED400F7AB12 = {
						CreatedOnToolsVersion = 9.2;
						ProvisioningStyle = Automatic;
					};
				};
			};
			buildConfigurationList = 1855E7F4205FFED400F7AB12 /* Build configuration list for PBXProject "GitUseExample" */;
			compatibilityVersion = "Xcode 8.0";
			developmentRegion = en;
			hasScannedForEncodings = 0;
			knownRegions = (
				en,
				Base,
			);
			mainGroup = 1855E7F0205FFED400F7AB12;
			productRefGroup = 1855E7FA205FFED400F7AB12 /* Products */;
			projectDirPath = "";
			projectRoot = "";
			targets = (
				1855E7F8205FFED400F7AB12 /* GitUseExample */,
			);
		};
/* End PBXProject section */

/* Begin PBXResourcesBuildPhase section */
		1855E7F7205FFED400F7AB12 /* Resources */ = {
			isa = PBXResourcesBuildPhase;
			buildActionMask = 2147483647;
			files = (
				1855E80C205FFED400F7AB12 /* LaunchScreen.storyboard in Resources */,
				1855E809205FFED400F7AB12 /* Assets.xcassets in Resources */,
				1855E804205FFED400F7AB12 /* Main.storyboard in Resources */,
			);
			runOnlyForDeploymentPostprocessing = 0;
		};
/* End PBXResourcesBuildPhase section */

/* Begin PBXSourcesBuildPhase section */
		1855E7F5205FFED400F7AB12 /* Sources */ = {
			isa = PBXSourcesBuildPhase;
			buildActionMask = 2147483647;
			files = (
				1855E801205FFED400F7AB12 /* ViewController.m in Sources */,
				1855E8172060010C00F7AB12 /* VieeewController.m in Sources */,
				1855E807205FFED400F7AB12 /* GitUseExample.xcdatamodeld in Sources */,
				1855E80F205FFED400F7AB12 /* main.m in Sources */,
				1855E7FE205FFED400F7AB12 /* AppDelegate.m in Sources */,
			);
			runOnlyForDeploymentPostprocessing = 0;
		};
/* End PBXSourcesBuildPhase section */

/* Begin PBXVariantGroup section */
		1855E802205FFED400F7AB12 /* Main.storyboard */ = {
			isa = PBXVariantGroup;
			children = (
				1855E803205FFED400F7AB12 /* Base */,
			);
			name = Main.storyboard;
			sourceTree = "<group>";
		};
		1855E80A205FFED400F7AB12 /* LaunchScreen.storyboard */ = {
			isa = PBXVariantGroup;
			children = (
				1855E80B205FFED400F7AB12 /* Base */,
			);
			name = LaunchScreen.storyboard;
			sourceTree = "<group>";
		};
/* End PBXVariantGroup section */

/* Begin XCBuildConfiguration section */
		1855E810205FFED400F7AB12 /* Debug */ = {
			isa = XCBuildConfiguration;
			buildSettings = {
				ALWAYS_SEARCH_USER_PATHS = NO;
				CLANG_ANALYZER_NONNULL = YES;
				CLANG_ANALYZER_NUMBER_OBJECT_CONVERSION = YES_AGGRESSIVE;
				CLANG_CXX_LANGUAGE_STANDARD = "gnu++14";
				CLANG_CXX_LIBRARY = "libc++";
				CLANG_ENABLE_MODULES = YES;
				CLANG_ENABLE_OBJC_ARC = YES;
				CLANG_WARN_BLOCK_CAPTURE_AUTORELEASING = YES;
				CLANG_WARN_BOOL_CONVERSION = YES;
				CLANG_WARN_COMMA = YES;
				CLANG_WARN_CONSTANT_CONVERSION = YES;
				CLANG_WARN_DIRECT_OBJC_ISA_USAGE = YES_ERROR;
				CLANG_WARN_DOCUMENTATION_COMMENTS = YES;
				CLANG_WARN_EMPTY_BODY = YES;
				CLANG_WARN_ENUM_CONVERSION = YES;
				CLANG_WARN_INFINITE_RECURSION = YES;
				CLANG_WARN_INT_CONVERSION = YES;
				CLANG_WARN_NON_LITERAL_NULL_CONVERSION = YES;
				CLANG_WARN_OBJC_LITERAL_CONVERSION = YES;
				CLANG_WARN_OBJC_ROOT_CLASS = YES_ERROR;
				CLANG_WARN_RANGE_LOOP_ANALYSIS = YES;
				CLANG_WARN_STRICT_PROTOTYPES = YES;
				CLANG_WARN_SUSPICIOUS_MOVE = YES;
				CLANG_WARN_UNGUARDED_AVAILABILITY = YES_AGGRESSIVE;
				CLANG_WARN_UNREACHABLE_CODE = YES;
				CLANG_WARN__DUPLICATE_METHOD_MATCH = YES;
				CODE_SIGN_IDENTITY = "iPhone Developer";
				COPY_PHASE_STRIP = NO;
				DEBUG_INFORMATION_FORMAT = dwarf;
				ENABLE_STRICT_OBJC_MSGSEND = YES;
				ENABLE_TESTABILITY = YES;
				GCC_C_LANGUAGE_STANDARD = gnu11;
				GCC_DYNAMIC_NO_PIC = NO;
				GCC_NO_COMMON_BLOCKS = YES;
				GCC_OPTIMIZATION_LEVEL = 0;
				GCC_PREPROCESSOR_DEFINITIONS = (
					"DEBUG=1",
					"$(inherited)",
				);
				GCC_WARN_64_TO_32_BIT_CONVERSION = YES;
				GCC_WARN_ABOUT_RETURN_TYPE = YES_ERROR;
				GCC_WARN_UNDECLARED_SELECTOR = YES;
				GCC_WARN_UNINITIALIZED_AUTOS = YES_AGGRESSIVE;
				GCC_WARN_UNUSED_FUNCTION = YES;
				GCC_WARN_UNUSED_VARIABLE = YES;
				IPHONEOS_DEPLOYMENT_TARGET = 11.2;
				MTL_ENABLE_DEBUG_INFO = YES;
				ONLY_ACTIVE_ARCH = YES;
				SDKROOT = iphoneos;
			};
			name = Debug;
		};
		1855E811205FFED400F7AB12 /* Release */ = {
			isa = XCBuildConfiguration;
			buildSettings = {
				ALWAYS_SEARCH_USER_PATHS = NO;
				CLANG_ANALYZER_NONNULL = YES;
				CLANG_ANALYZER_NUMBER_OBJECT_CONVERSION = YES_AGGRESSIVE;
				CLANG_CXX_LANGUAGE_STANDARD = "gnu++14";
				CLANG_CXX_LIBRARY = "libc++";
				CLANG_ENABLE_MODULES = YES;
				CLANG_ENABLE_OBJC_ARC = YES;
				CLANG_WARN_BLOCK_CAPTURE_AUTORELEASING = YES;
				CLANG_WARN_BOOL_CONVERSION = YES;
				CLANG_WARN_COMMA = YES;
				CLANG_WARN_CONSTANT_CONVERSION = YES;
				CLANG_WARN_DIRECT_OBJC_ISA_USAGE = YES_ERROR;
				CLANG_WARN_DOCUMENTATION_COMMENTS = YES;
				CLANG_WARN_EMPTY_BODY = YES;
				CLANG_WARN_ENUM_CONVERSION = YES;
				CLANG_WARN_INFINITE_RECURSION = YES;
				CLANG_WARN_INT_CONVERSION = YES;
				CLANG_WARN_NON_LITERAL_NULL_CONVERSION = YES;
				CLANG_WARN_OBJC_LITERAL_CONVERSION = YES;
				CLANG_WARN_OBJC_ROOT_CLASS = YES_ERROR;
				CLANG_WARN_RANGE_LOOP_ANALYSIS = YES;
				CLANG_WARN_STRICT_PROTOTYPES = YES;
				CLANG_WARN_SUSPICIOUS_MOVE = YES;
				CLANG_WARN_UNGUARDED_AVAILABILITY = YES_AGGRESSIVE;
				CLANG_WARN_UNREACHABLE_CODE = YES;
				CLANG_WARN__DUPLICATE_METHOD_MATCH = YES;
				CODE_SIGN_IDENTITY = "iPhone Developer";
				COPY_PHASE_STRIP = NO;
				DEBUG_INFORMATION_FORMAT = "dwarf-with-dsym";
				ENABLE_NS_ASSERTIONS = NO;
				ENABLE_STRICT_OBJC_MSGSEND = YES;
				GCC_C_LANGUAGE_STANDARD = gnu11;
				GCC_NO_COMMON_BLOCKS = YES;
				GCC_WARN_64_TO_32_BIT_CONVERSION = YES;
				GCC_WARN_ABOUT_RETURN_TYPE = YES_ERROR;
				GCC_WARN_UNDECLARED_SELECTOR = YES;
				GCC_WARN_UNINITIALIZED_AUTOS = YES_AGGRESSIVE;
				GCC_WARN_UNUSED_FUNCTION = YES;
				GCC_WARN_UNUSED_VARIABLE = YES;
				IPHONEOS_DEPLOYMENT_TARGET = 11.2;
				MTL_ENABLE_DEBUG_INFO = NO;
				SDKROOT = iphoneos;
				VALIDATE_PRODUCT = YES;
			};
			name = Release;
		};
		1855E813205FFED400F7AB12 /* Debug */ = {
			isa = XCBuildConfiguration;
			buildSettings = {
				ASSETCATALOG_COMPILER_APPICON_NAME = AppIcon;
				CODE_SIGN_STYLE = Automatic;
				DEVELOPMENT_TEAM = G45556P655;
				INFOPLIST_FILE = GitUseExample/Info.plist;
				LD_RUNPATH_SEARCH_PATHS = "$(inherited) @executable_path/Frameworks";
				PRODUCT_BUNDLE_IDENTIFIER = com.houhaitao.GitUseExample;
				PRODUCT_NAME = "$(TARGET_NAME)";
				TARGETED_DEVICE_FAMILY = "1,2";
			};
			name = Debug;
		};
		1855E814205FFED400F7AB12 /* Release */ = {
			isa = XCBuildConfiguration;
			buildSettings = {
				ASSETCATALOG_COMPILER_APPICON_NAME = AppIcon;
				CODE_SIGN_STYLE = Automatic;
				DEVELOPMENT_TEAM = G45556P655;
				INFOPLIST_FILE = GitUseExample/Info.plist;
				LD_RUNPATH_SEARCH_PATHS = "$(inherited) @executable_path/Frameworks";
				PRODUCT_BUNDLE_IDENTIFIER = com.houhaitao.GitUseExample;
				PRODUCT_NAME = "$(TARGET_NAME)";
				TARGETED_DEVICE_FAMILY = "1,2";
			};
			name = Release;
		};
/* End XCBuildConfiguration section */

/* Begin XCConfigurationList section */
		1855E7F4205FFED400F7AB12 /* Build configuration list for PBXProject "GitUseExample" */ = {
			isa = XCConfigurationList;
			buildConfigurations = (
				1855E810205FFED400F7AB12 /* Debug */,
				1855E811205FFED400F7AB12 /* Release */,
			);
			defaultConfigurationIsVisible = 0;
			defaultConfigurationName = Release;
		};
		1855E812205FFED400F7AB12 /* Build configuration list for PBXNativeTarget "GitUseExample" */ = {
			isa = XCConfigurationList;
			buildConfigurations = (
				1855E813205FFED400F7AB12 /* Debug */,
				1855E814205FFED400F7AB12 /* Release */,
			);
			defaultConfigurationIsVisible = 0;
			defaultConfigurationName = Release;
		};
/* End XCConfigurationList section */

/* Begin XCVersionGroup section */
		1855E805205FFED400F7AB12 /* GitUseExample.xcdatamodeld */ = {
			isa = XCVersionGroup;
			children = (
				1855E806205FFED400F7AB12 /* GitUseExample.xcdatamodel */,
			);
			currentVersion = 1855E806205FFED400F7AB12 /* GitUseExample.xcdatamodel */;
			path = GitUseExample.xcdatamodeld;
			sourceTree = "<group>";
			versionGroupType = wrapper.xcdatamodel;
		};
/* End XCVersionGroup section */
	};
	rootObject = 1855E7F1205FFED400F7AB12 /* Project object */;
}
